
Microsoft Visual Studio Solution File, Format Version 12.00
# Visual Studio 14
VisualStudioVersion = 14.0.25123.0
MinimumVisualStudioVersion = 10.0.40219.1
Project("{FAE04EC0-301F-11D3-BF4B-00C04F79EFBC}") = "PurpleTest", "PurpleTest\PurpleTest.csproj", "{8CCFBBBD-510C-43B6-AFC8-FD955494D688}"
EndProject
Global
	GlobalSection(SolutionConfigurationPlatforms) = preSolution
		Debug|Any CPU = Debug|Any CPU
		Release|Any CPU = Release|Any CPU
	EndGlobalSection
	GlobalSection(ProjectConfigurationPlatforms) = postSolution
		{8CCFBBBD-510C-43B6-AFC8-FD955494D688}.Debug|Any CPU.ActiveCfg = Debug|Any CPU
		{8CCFBBBD-510C-43B6-AFC8-FD955494D688}.Debug|Any CPU.Build.0 = Debug|Any CPU
		{8CCFBBBD-510C-43B6-AFC8-FD955494D688}.Release|Any CPU.ActiveCfg = Release|Any CPU
		{8CCFBBBD-510C-43B6-AFC8-FD955494D688}.Release|Any CPU.Build.0 = Release|Any CPU
	EndGlobalSection
	GlobalSection(SolutionProperties) = preSolution
		HideSolutionNode = FALSE
	EndGlobalSection
EndGlobal
